// !$*UTF8*$!
{
	archiveVersion = 1;
	classes = {
	};
	objectVersion = 46;
	objects = {

/* Begin PBXBuildFile section */
		84A021031D8A513900789710 /* AppDelegate.swift in Sources */ = {isa = PBXBuildFile; fileRef = 84A021021D8A513900789710 /* AppDelegate.swift */; };
		84A021051D8A513900789710 /* ViewController.swift in Sources */ = {isa = PBXBuildFile; fileRef = 84A021041D8A513900789710 /* ViewController.swift */; };
		84A021081D8A513900789710 /* Main.storyboard in Resources */ = {isa = PBXBuildFile; fileRef = 84A021061D8A513900789710 /* Main.storyboard */; };
		84A0210A1D8A513900789710 /* Assets.xcassets in Resources */ = {isa = PBXBuildFile; fileRef = 84A021091D8A513900789710 /* Assets.xcassets */; };
		84A0210D1D8A513900789710 /* LaunchScreen.storyboard in Resources */ = {isa = PBXBuildFile; fileRef = 84A0210B1D8A513900789710 /* LaunchScreen.storyboard */; };
		84A021181D8A513900789710 /* joggingrunTests.swift in Sources */ = {isa = PBXBuildFile; fileRef = 84A021171D8A513900789710 /* joggingrunTests.swift */; };
		84A021231D8A513900789710 /* joggingrunUITests.swift in Sources */ = {isa = PBXBuildFile; fileRef = 84A021221D8A513900789710 /* joggingrunUITests.swift */; };
/* End PBXBuildFile section */

/* Begin PBXContainerItemProxy section */
		84A021141D8A513900789710 /* PBXContainerItemProxy */ = {
			isa = PBXContainerItemProxy;
			containerPortal = 84A020F71D8A513900789710 /* Project object */;
			proxyType = 1;
			remoteGlobalIDString = 84A020FE1D8A513900789710;
			remoteInfo = joggingrun;
		};
		84A0211F1D8A513900789710 /* PBXContainerItemProxy */ = {
			isa = PBXContainerItemProxy;
			containerPortal = 84A020F71D8A513900789710 /* Project object */;
			proxyType = 1;
			remoteGlobalIDString = 84A020FE1D8A513900789710;
			remoteInfo = joggingrun;
		};
/* End PBXContainerItemProxy section */

/* Begin PBXFileReference section */
		84A020FF1D8A513900789710 /* joggingrun.app */ = {isa = PBXFileReference; explicitFileType = wrapper.application; includeInIndex = 0; path = joggingrun.app; sourceTree = BUILT_PRODUCTS_DIR; };
		84A021021D8A513900789710 /* AppDelegate.swift */ = {isa = PBXFileReference; lastKnownFileType = sourcecode.swift; path = AppDelegate.swift; sourceTree = "<group>"; };
		84A021041D8A513900789710 /* ViewController.swift */ = {isa = PBXFileReference; lastKnownFileType = sourcecode.swift; path = ViewController.swift; sourceTree = "<group>"; };
		84A021071D8A513900789710 /* Base */ = {isa = PBXFileReference; lastKnownFileType = file.storyboard; name = Base; path = Base.lproj/Main.storyboard; sourceTree = "<group>"; };
		84A021091D8A513900789710 /* Assets.xcassets */ = {isa = PBXFileReference; lastKnownFileType = folder.assetcatalog; path = Assets.xcassets; sourceTree = "<group>"; };
		84A0210C1D8A513900789710 /* Base */ = {isa = PBXFileReference; lastKnownFileType = file.storyboard; name = Base; path = Base.lproj/LaunchScreen.storyboard; sourceTree = "<group>"; };
		84A0210E1D8A513900789710 /* Info.plist */ = {isa = PBXFileReference; lastKnownFileType = text.plist.xml; path = Info.plist; sourceTree = "<group>"; };
		84A021131D8A513900789710 /* joggingrunTests.xctest */ = {isa = PBXFileReference; explicitFileType = wrapper.cfbundle; includeInIndex = 0; path = joggingrunTests.xctest; sourceTree = BUILT_PRODUCTS_DIR; };
		84A021171D8A513900789710 /* joggingrunTests.swift */ = {isa = PBXFileReference; lastKnownFileType = sourcecode.swift; path = joggingrunTests.swift; sourceTree = "<group>"; };
		84A021191D8A513900789710 /* Info.plist */ = {isa = PBXFileReference; lastKnownFileType = text.plist.xml; path = Info.plist; sourceTree = "<group>"; };
		84A0211E1D8A513900789710 /* joggingrunUITests.xctest */ = {isa = PBXFileReference; explicitFileType = wrapper.cfbundle; includeInIndex = 0; path = joggingrunUITests.xctest; sourceTree = BUILT_PRODUCTS_DIR; };
		84A021221D8A513900789710 /* joggingrunUITests.swift */ = {isa = PBXFileReference; lastKnownFileType = sourcecode.swift; path = joggingrunUITests.swift; sourceTree = "<group>"; };
		84A021241D8A513900789710 /* Info.plist */ = {isa = PBXFileReference; lastKnownFileType = text.plist.xml; path = Info.plist; sourceTree = "<group>"; };
/* End PBXFileReference section */

/* Begin PBXFrameworksBuildPhase section */
		84A020FC1D8A513900789710 /* Frameworks */ = {
			isa = PBXFrameworksBuildPhase;
			buildActionMask = 2147483647;
			files = (
			);
			runOnlyForDeploymentPostprocessing = 0;
		};
		84A021101D8A513900789710 /* Frameworks */ = {
			isa = PBXFrameworksBuildPhase;
			buildActionMask = 2147483647;
			files = (
			);
			runOnlyForDeploymentPostprocessing = 0;
		};
		84A0211B1D8A513900789710 /* Frameworks */ = {
			isa = PBXFrameworksBuildPhase;
			buildActionMask = 2147483647;
			files = (
			);
			runOnlyForDeploymentPostprocessing = 0;
		};
/* End PBXFrameworksBuildPhase section */

/* Begin PBXGroup section */
		84A020F61D8A513900789710 = {
			isa = PBXGroup;
			children = (
				84A021011D8A513900789710 /* joggingrun */,
				84A021161D8A513900789710 /* joggingrunTests */,
				84A021211D8A513900789710 /* joggingrunUITests */,
				84A021001D8A513900789710 /* Products */,
			);
			sourceTree = "<group>";
		};
		84A021001D8A513900789710 /* Products */ = {
			isa = PBXGroup;
			children = (
				84A020FF1D8A513900789710 /* joggingrun.app */,
				84A021131D8A513900789710 /* joggingrunTests.xctest */,
				84A0211E1D8A513900789710 /* joggingrunUITests.xctest */,
			);
			name = Products;
			sourceTree = "<group>";
		};
		84A021011D8A513900789710 /* joggingrun */ = {
			isa = PBXGroup;
			children = (
				84A021021D8A513900789710 /* AppDelegate.swift */,
				84A021041D8A513900789710 /* ViewController.swift */,
				84A021061D8A513900789710 /* Main.storyboard */,
				84A021091D8A513900789710 /* Assets.xcassets */,
				84A0210B1D8A513900789710 /* LaunchScreen.storyboard */,
				84A0210E1D8A513900789710 /* Info.plist */,
			);
			path = joggingrun;
			sourceTree = "<group>";
		};
		84A021161D8A513900789710 /* joggingrunTests */ = {
			isa = PBXGroup;
			children = (
				84A021171D8A513900789710 /* joggingrunTests.swift */,
				84A021191D8A513900789710 /* Info.plist */,
			);
			path = joggingrunTests;
			sourceTree = "<group>";
		};
		84A021211D8A513900789710 /* joggingrunUITests */ = {
			isa = PBXGroup;
			children = (
				84A021221D8A513900789710 /* joggingrunUITests.swift */,
				84A021241D8A513900789710 /* Info.plist */,
			);
			path = joggingrunUITests;
			sourceTree = "<group>";
		};
/* End PBXGroup section */

/* Begin PBXNativeTarget section */
		84A020FE1D8A513900789710 /* joggingrun */ = {
			isa = PBXNativeTarget;
			buildConfigurationList = 84A021271D8A513900789710 /* Build configuration list for PBXNativeTarget "joggingrun" */;
			buildPhases = (
				84A020FB1D8A513900789710 /* Sources */,
				84A020FC1D8A513900789710 /* Frameworks */,
				84A020FD1D8A513900789710 /* Resources */,
			);
			buildRules = (
			);
			dependencies = (
			);
			name = joggingrun;
			productName = joggingrun;
			productReference = 84A020FF1D8A513900789710 /* joggingrun.app */;
			productType = "com.apple.product-type.application";
		};
		84A021121D8A513900789710 /* joggingrunTests */ = {
			isa = PBXNativeTarget;
			buildConfigurationList = 84A0212A1D8A513900789710 /* Build configuration list for PBXNativeTarget "joggingrunTests" */;
			buildPhases = (
				84A0210F1D8A513900789710 /* Sources */,
				84A021101D8A513900789710 /* Frameworks */,
				84A021111D8A513900789710 /* Resources */,
			);
			buildRules = (
			);
			dependencies = (
				84A021151D8A513900789710 /* PBXTargetDependency */,
			);
			name = joggingrunTests;
			productName = joggingrunTests;
			productReference = 84A021131D8A513900789710 /* joggingrunTests.xctest */;
			productType = "com.apple.product-type.bundle.unit-test";
		};
		84A0211D1D8A513900789710 /* joggingrunUITests */ = {
			isa = PBXNativeTarget;
			buildConfigurationList = 84A0212D1D8A513900789710 /* Build configuration list for PBXNativeTarget "joggingrunUITests" */;
			buildPhases = (
				84A0211A1D8A513900789710 /* Sources */,
				84A0211B1D8A513900789710 /* Frameworks */,
				84A0211C1D8A513900789710 /* Resources */,
			);
			buildRules = (
			);
			dependencies = (
				84A021201D8A513900789710 /* PBXTargetDependency */,
			);
			name = joggingrunUITests;
			productName = joggingrunUITests;
			productReference = 84A0211E1D8A513900789710 /* joggingrunUITests.xctest */;
			productType = "com.apple.product-type.bundle.ui-testing";
		};
/* End PBXNativeTarget section */

/* Begin PBXProject section */
		84A020F71D8A513900789710 /* Project object */ = {
			isa = PBXProject;
			attributes = {
				LastSwiftUpdateCheck = 0800;
				LastUpgradeCheck = 0800;
				ORGANIZATIONNAME = "YOUNGWHAN SONG";
				TargetAttributes = {
					84A020FE1D8A513900789710 = {
						CreatedOnToolsVersion = 8.0;
						ProvisioningStyle = Automatic;
					};
					84A021121D8A513900789710 = {
						CreatedOnToolsVersion = 8.0;
						ProvisioningStyle = Automatic;
						TestTargetID = 84A020FE1D8A513900789710;
					};
					84A0211D1D8A513900789710 = {
						CreatedOnToolsVersion = 8.0;
						ProvisioningStyle = Automatic;
						TestTargetID = 84A020FE1D8A513900789710;
					};
				};
			};
			buildConfigurationList = 84A020FA1D8A513900789710 /* Build configuration list for PBXProject "joggingrun" */;
			compatibilityVersion = "Xcode 3.2";
			developmentRegion = English;
			hasScannedForEncodings = 0;
			knownRegions = (
				en,
				Base,
			);
			mainGroup = 84A020F61D8A513900789710;
			productRefGroup = 84A021001D8A513900789710 /* Products */;
			projectDirPath = "";
			projectRoot = "";
			targets = (
				84A020FE1D8A513900789710 /* joggingrun */,
				84A021121D8A513900789710 /* joggingrunTests */,
				84A0211D1D8A513900789710 /* joggingrunUITests */,
			);
		};
/* End PBXProject section */

/* Begin PBXResourcesBuildPhase section */
		84A020FD1D8A513900789710 /* Resources */ = {
			isa = PBXResourcesBuildPhase;
			buildActionMask = 2147483647;
			files = (
				84A0210D1D8A513900789710 /* LaunchScreen.storyboard in Resources */,
				84A0210A1D8A513900789710 /* Assets.xcassets in Resources */,
				84A021081D8A513900789710 /* Main.storyboard in Resources */,
			);
			runOnlyForDeploymentPostprocessing = 0;
		};
		84A021111D8A513900789710 /* Resources */ = {
			isa = PBXResourcesBuildPhase;
			buildActionMask = 2147483647;
			files = (
			);
			runOnlyForDeploymentPostprocessing = 0;
		};
		84A0211C1D8A513900789710 /* Resources */ = {
			isa = PBXResourcesBuildPhase;
			buildActionMask = 2147483647;
			files = (
			);
			runOnlyForDeploymentPostprocessing = 0;
		};
/* End PBXResourcesBuildPhase section */

/* Begin PBXSourcesBuildPhase section */
		84A020FB1D8A513900789710 /* Sources */ = {
			isa = PBXSourcesBuildPhase;
			buildActionMask = 2147483647;
			files = (
				84A021051D8A513900789710 /* ViewController.swift in Sources */,
				84A021031D8A513900789710 /* AppDelegate.swift in Sources */,
			);
			runOnlyForDeploymentPostprocessing = 0;
		};
		84A0210F1D8A513900789710 /* Sources */ = {
			isa = PBXSourcesBuildPhase;
			buildActionMask = 2147483647;
			files = (
				84A021181D8A513900789710 /* joggingrunTests.swift in Sources */,
			);
			runOnlyForDeploymentPostprocessing = 0;
		};
		84A0211A1D8A513900789710 /* Sources */ = {
			isa = PBXSourcesBuildPhase;
			buildActionMask = 2147483647;
			files = (
				84A021231D8A513900789710 /* joggingrunUITests.swift in Sources */,
			);
			runOnlyForDeploymentPostprocessing = 0;
		};
/* End PBXSourcesBuildPhase section */

/* Begin PBXTargetDependency section */
		84A021151D8A513900789710 /* PBXTargetDependency */ = {
			isa = PBXTargetDependency;
			target = 84A020FE1D8A513900789710 /* joggingrun */;
			targetProxy = 84A021141D8A513900789710 /* PBXContainerItemProxy */;
		};
		84A021201D8A513900789710 /* PBXTargetDependency */ = {
			isa = PBXTargetDependency;
			target = 84A020FE1D8A513900789710 /* joggingrun */;
			targetProxy = 84A0211F1D8A513900789710 /* PBXContainerItemProxy */;
		};
/* End PBXTargetDependency section */

/* Begin PBXVariantGroup section */
		84A021061D8A513900789710 /* Main.storyboard */ = {
			isa = PBXVariantGroup;
			children = (
				84A021071D8A513900789710 /* Base */,
			);
			name = Main.storyboard;
			sourceTree = "<group>";
		};
		84A0210B1D8A513900789710 /* LaunchScreen.storyboard */ = {
			isa = PBXVariantGroup;
			children = (
				84A0210C1D8A513900789710 /* Base */,
			);
			name = LaunchScreen.storyboard;
			sourceTree = "<group>";
		};
/* End PBXVariantGroup section */

/* Begin XCBuildConfiguration section */
		84A021251D8A513900789710 /* Debug */ = {
			isa = XCBuildConfiguration;
			buildSettings = {
				ALWAYS_SEARCH_USER_PATHS = NO;
				CLANG_ANALYZER_NONNULL = YES;
				CLANG_CXX_LANGUAGE_STANDARD = "gnu++0x";
				CLANG_CXX_LIBRARY = "libc++";
				CLANG_ENABLE_MODULES = YES;
				CLANG_ENABLE_OBJC_ARC = YES;
				CLANG_WARN_BOOL_CONVERSION = YES;
				CLANG_WARN_CONSTANT_CONVERSION = YES;
				CLANG_WARN_DIRECT_OBJC_ISA_USAGE = YES_ERROR;
				CLANG_WARN_DOCUMENTATION_COMMENTS = YES;
				CLANG_WARN_EMPTY_BODY = YES;
				CLANG_WARN_ENUM_CONVERSION = YES;
				CLANG_WARN_INT_CONVERSION = YES;
				CLANG_WARN_OBJC_ROOT_CLASS = YES_ERROR;
				CLANG_WARN_UNREACHABLE_CODE = YES;
				CLANG_WARN__DUPLICATE_METHOD_MATCH = YES;
				"CODE_SIGN_IDENTITY[sdk=iphoneos*]" = "iPhone Developer";
				COPY_PHASE_STRIP = NO;
				DEBUG_INFORMATION_FORMAT = dwarf;
				ENABLE_STRICT_OBJC_MSGSEND = YES;
				ENABLE_TESTABILITY = YES;
				GCC_C_LANGUAGE_STANDARD = gnu99;
				GCC_DYNAMIC_NO_PIC = NO;
				GCC_NO_COMMON_BLOCKS = YES;
				GCC_OPTIMIZATION_LEVEL = 0;
				GCC_PREPROCESSOR_DEFINITIONS = (
					"DEBUG=1",
					"$(inherited)",
				);
				GCC_WARN_64_TO_32_BIT_CONVERSION = YES;
				GCC_WARN_ABOUT_RETURN_TYPE = YES_ERROR;
				GCC_WARN_UNDECLARED_SELECTOR = YES;
				GCC_WARN_UNINITIALIZED_AUTOS = YES_AGGRESSIVE;
				GCC_WARN_UNUSED_FUNCTION = YES;
				GCC_WARN_UNUSED_VARIABLE = YES;
				IPHONEOS_DEPLOYMENT_TARGET = 10.0;
				MTL_ENABLE_DEBUG_INFO = YES;
				ONLY_ACTIVE_ARCH = YES;
				SDKROOT = iphoneos;
				SWIFT_ACTIVE_COMPILATION_CONDITIONS = DEBUG;
				SWIFT_OPTIMIZATION_LEVEL = "-Onone";
			};
			name = Debug;
		};
		84A021261D8A513900789710 /* Release */ = {
			isa = XCBuildConfiguration;
			buildSettings = {
				ALWAYS_SEARCH_USER_PATHS = NO;
				CLANG_ANALYZER_NONNULL = YES;
				CLANG_CXX_LANGUAGE_STANDARD = "gnu++0x";
				CLANG_CXX_LIBRARY = "libc++";
				CLANG_ENABLE_MODULES = YES;
				CLANG_ENABLE_OBJC_ARC = YES;
				CLANG_WARN_BOOL_CONVERSION = YES;
				CLANG_WARN_CONSTANT_CONVERSION = YES;
				CLANG_WARN_DIRECT_OBJC_ISA_USAGE = YES_ERROR;
				CLANG_WARN_DOCUMENTATION_COMMENTS = YES;
				CLANG_WARN_EMPTY_BODY = YES;
				CLANG_WARN_ENUM_CONVERSION = YES;
				CLANG_WARN_INT_CONVERSION = YES;
				CLANG_WARN_OBJC_ROOT_CLASS = YES_ERROR;
				CLANG_WARN_UNREACHABLE_CODE = YES;
				CLANG_WARN__DUPLICATE_METHOD_MATCH = YES;
				"CODE_SIGN_IDENTITY[sdk=iphoneos*]" = "iPhone Developer";
				COPY_PHASE_STRIP = NO;
				DEBUG_INFORMATION_FORMAT = "dwarf-with-dsym";
				ENABLE_NS_ASSERTIONS = NO;
				ENABLE_STRICT_OBJC_MSGSEND = YES;
				GCC_C_LANGUAGE_STANDARD = gnu99;
				GCC_NO_COMMON_BLOCKS = YES;
				GCC_WARN_64_TO_32_BIT_CONVERSION = YES;
				GCC_WARN_ABOUT_RETURN_TYPE = YES_ERROR;
				GCC_WARN_UNDECLARED_SELECTOR = YES;
				GCC_WARN_UNINITIALIZED_AUTOS = YES_AGGRESSIVE;
				GCC_WARN_UNUSED_FUNCTION = YES;
				GCC_WARN_UNUSED_VARIABLE = YES;
				IPHONEOS_DEPLOYMENT_TARGET = 10.0;
				MTL_ENABLE_DEBUG_INFO = NO;
				SDKROOT = iphoneos;
				SWIFT_OPTIMIZATION_LEVEL = "-Owholemodule";
				VALIDATE_PRODUCT = YES;
			};
			name = Release;
		};
		84A021281D8A513900789710 /* Debug */ = {
			isa = XCBuildConfiguration;
			buildSettings = {
				ASSETCATALOG_COMPILER_APPICON_NAME = AppIcon;
				INFOPLIST_FILE = joggingrun/Info.plist;
				LD_RUNPATH_SEARCH_PATHS = "$(inherited) @executable_path/Frameworks";
				PRODUCT_BUNDLE_IDENTIFIER = com.breadncup.joggingrun;
				PRODUCT_NAME = "$(TARGET_NAME)";
				SWIFT_VERSION = 3.0;
			};
			name = Debug;
		};
		84A021291D8A513900789710 /* Release */ = {
			isa = XCBuildConfiguration;
			buildSettings = {
				ASSETCATALOG_COMPILER_APPICON_NAME = AppIcon;
				INFOPLIST_FILE = joggingrun/Info.plist;
				LD_RUNPATH_SEARCH_PATHS = "$(inherited) @executable_path/Frameworks";
				PRODUCT_BUNDLE_IDENTIFIER = com.breadncup.joggingrun;
				PRODUCT_NAME = "$(TARGET_NAME)";
				SWIFT_VERSION = 3.0;
			};
			name = Release;
		};
		84A0212B1D8A513900789710 /* Debug */ = {
			isa = XCBuildConfiguration;
			buildSettings = {
				BUNDLE_LOADER = "$(TEST_HOST)";
				INFOPLIST_FILE = joggingrunTests/Info.plist;
				LD_RUNPATH_SEARCH_PATHS = "$(inherited) @executable_path/Frameworks @loader_path/Frameworks";
				PRODUCT_BUNDLE_IDENTIFIER = com.breadncup.joggingrunTests;
				PRODUCT_NAME = "$(TARGET_NAME)";
				SWIFT_VERSION = 3.0;
				TEST_HOST = "$(BUILT_PRODUCTS_DIR)/joggingrun.app/joggingrun";
			};
			name = Debug;
		};
		84A0212C1D8A513900789710 /* Release */ = {
			isa = XCBuildConfiguration;
			buildSettings = {
				BUNDLE_LOADER = "$(TEST_HOST)";
				INFOPLIST_FILE = joggingrunTests/Info.plist;
				LD_RUNPATH_SEARCH_PATHS = "$(inherited) @executable_path/Frameworks @loader_path/Frameworks";
				PRODUCT_BUNDLE_IDENTIFIER = com.breadncup.joggingrunTests;
				PRODUCT_NAME = "$(TARGET_NAME)";
				SWIFT_VERSION = 3.0;
				TEST_HOST = "$(BUILT_PRODUCTS_DIR)/joggingrun.app/joggingrun";
			};
			name = Release;
		};
		84A0212E1D8A513900789710 /* Debug */ = {
			isa = XCBuildConfiguration;
			buildSettings = {
				INFOPLIST_FILE = joggingrunUITests/Info.plist;
				LD_RUNPATH_SEARCH_PATHS = "$(inherited) @executable_path/Frameworks @loader_path/Frameworks";
				PRODUCT_BUNDLE_IDENTIFIER = com.breadncup.joggingrunUITests;
				PRODUCT_NAME = "$(TARGET_NAME)";
				SWIFT_VERSION = 3.0;
				TEST_TARGET_NAME = joggingrun;
			};
			name = Debug;
		};
		84A0212F1D8A513900789710 /* Release */ = {
			isa = XCBuildConfiguration;
			buildSettings = {
				INFOPLIST_FILE = joggingrunUITests/Info.plist;
				LD_RUNPATH_SEARCH_PATHS = "$(inherited) @executable_path/Frameworks @loader_path/Frameworks";
				PRODUCT_BUNDLE_IDENTIFIER = com.breadncup.joggingrunUITests;
				PRODUCT_NAME = "$(TARGET_NAME)";
				SWIFT_VERSION = 3.0;
				TEST_TARGET_NAME = joggingrun;
			};
			name = Release;
		};
/* End XCBuildConfiguration section */

/* Begin XCConfigurationList section */
		84A020FA1D8A513900789710 /* Build configuration list for PBXProject "joggingrun" */ = {
			isa = XCConfigurationList;
			buildConfigurations = (
				84A021251D8A513900789710 /* Debug */,
				84A021261D8A513900789710 /* Release */,
			);
			defaultConfigurationIsVisible = 0;
			defaultConfigurationName = Release;
		};
		84A021271D8A513900789710 /* Build configuration list for PBXNativeTarget "joggingrun" */ = {
			isa = XCConfigurationList;
			buildConfigurations = (
				84A021281D8A513900789710 /* Debug */,
				84A021291D8A513900789710 /* Release */,
			);
			defaultConfigurationIsVisible = 0;
		};
		84A0212A1D8A513900789710 /* Build configuration list for PBXNativeTarget "joggingrunTests" */ = {
			isa = XCConfigurationList;
			buildConfigurations = (
				84A0212B1D8A513900789710 /* Debug */,
				84A0212C1D8A513900789710 /* Release */,
			);
			defaultConfigurationIsVisible = 0;
		};
		84A0212D1D8A513900789710 /* Build configuration list for PBXNativeTarget "joggingrunUITests" */ = {
			isa = XCConfigurationList;
			buildConfigurations = (
				84A0212E1D8A513900789710 /* Debug */,
				84A0212F1D8A513900789710 /* Release */,
			);
			defaultConfigurationIsVisible = 0;
		};
/* End XCConfigurationList section */
	};
	rootObject = 84A020F71D8A513900789710 /* Project object */;
}
